// !$*UTF8*$!
{
	archiveVersion = 1;
	classes = {
	};
	objectVersion = 50;
	objects = {

/* Begin PBXBuildFile section */
		5655CD0026BCBB7C00C23C68 /* Cribbage Counter WatchKit App.app in Embed Watch Content */ = {isa = PBXBuildFile; fileRef = 5655CCFF26BCBB7C00C23C68 /* Cribbage Counter WatchKit App.app */; settings = {ATTRIBUTES = (RemoveHeadersOnCopy, ); }; };
		5655CD0526BCBB7D00C23C68 /* Assets.xcassets in Resources */ = {isa = PBXBuildFile; fileRef = 5655CD0426BCBB7D00C23C68 /* Assets.xcassets */; };
		5655CD0C26BCBB7D00C23C68 /* Cribbage Counter WatchKit Extension.appex in Embed App Extensions */ = {isa = PBXBuildFile; fileRef = 5655CD0B26BCBB7D00C23C68 /* Cribbage Counter WatchKit Extension.appex */; settings = {ATTRIBUTES = (RemoveHeadersOnCopy, ); }; };
		5655CD1126BCBB7D00C23C68 /* Cribbage_CounterApp.swift in Sources */ = {isa = PBXBuildFile; fileRef = 5655CD1026BCBB7D00C23C68 /* Cribbage_CounterApp.swift */; };
		5655CD1326BCBB7D00C23C68 /* ContentView.swift in Sources */ = {isa = PBXBuildFile; fileRef = 5655CD1226BCBB7D00C23C68 /* ContentView.swift */; };
		5655CD1526BCBB7D00C23C68 /* NotificationController.swift in Sources */ = {isa = PBXBuildFile; fileRef = 5655CD1426BCBB7D00C23C68 /* NotificationController.swift */; };
		5655CD1726BCBB7D00C23C68 /* NotificationView.swift in Sources */ = {isa = PBXBuildFile; fileRef = 5655CD1626BCBB7D00C23C68 /* NotificationView.swift */; };
		5655CD1926BCBB7D00C23C68 /* ComplicationController.swift in Sources */ = {isa = PBXBuildFile; fileRef = 5655CD1826BCBB7D00C23C68 /* ComplicationController.swift */; };
		5655CD1B26BCBB7E00C23C68 /* Assets.xcassets in Resources */ = {isa = PBXBuildFile; fileRef = 5655CD1A26BCBB7E00C23C68 /* Assets.xcassets */; };
		5655CD1E26BCBB7E00C23C68 /* Preview Assets.xcassets in Resources */ = {isa = PBXBuildFile; fileRef = 5655CD1D26BCBB7E00C23C68 /* Preview Assets.xcassets */; };
		5655CD2A26BCBB7E00C23C68 /* Cribbage_CounterTests.swift in Sources */ = {isa = PBXBuildFile; fileRef = 5655CD2926BCBB7E00C23C68 /* Cribbage_CounterTests.swift */; };
		5655CD3526BCBB7E00C23C68 /* Cribbage_CounterUITests.swift in Sources */ = {isa = PBXBuildFile; fileRef = 5655CD3426BCBB7E00C23C68 /* Cribbage_CounterUITests.swift */; };
/* End PBXBuildFile section */

/* Begin PBXContainerItemProxy section */
		5655CD0126BCBB7C00C23C68 /* PBXContainerItemProxy */ = {
			isa = PBXContainerItemProxy;
			containerPortal = 5655CCF526BCBB7C00C23C68 /* Project object */;
			proxyType = 1;
			remoteGlobalIDString = 5655CCFE26BCBB7C00C23C68;
			remoteInfo = "Cribbage Counter WatchKit App";
		};
		5655CD0D26BCBB7D00C23C68 /* PBXContainerItemProxy */ = {
			isa = PBXContainerItemProxy;
			containerPortal = 5655CCF526BCBB7C00C23C68 /* Project object */;
			proxyType = 1;
			remoteGlobalIDString = 5655CD0A26BCBB7D00C23C68;
			remoteInfo = "Cribbage Counter WatchKit Extension";
		};
		5655CD2626BCBB7E00C23C68 /* PBXContainerItemProxy */ = {
			isa = PBXContainerItemProxy;
			containerPortal = 5655CCF526BCBB7C00C23C68 /* Project object */;
			proxyType = 1;
			remoteGlobalIDString = 5655CD0A26BCBB7D00C23C68;
			remoteInfo = "Cribbage Counter WatchKit Extension";
		};
		5655CD3126BCBB7E00C23C68 /* PBXContainerItemProxy */ = {
			isa = PBXContainerItemProxy;
			containerPortal = 5655CCF526BCBB7C00C23C68 /* Project object */;
			proxyType = 1;
			remoteGlobalIDString = 5655CCFE26BCBB7C00C23C68;
			remoteInfo = "Cribbage Counter WatchKit App";
		};
/* End PBXContainerItemProxy section */

/* Begin PBXCopyFilesBuildPhase section */
		5655CD3C26BCBB7E00C23C68 /* Embed App Extensions */ = {
			isa = PBXCopyFilesBuildPhase;
			buildActionMask = 2147483647;
			dstPath = "";
			dstSubfolderSpec = 13;
			files = (
				5655CD0C26BCBB7D00C23C68 /* Cribbage Counter WatchKit Extension.appex in Embed App Extensions */,
			);
			name = "Embed App Extensions";
			runOnlyForDeploymentPostprocessing = 0;
		};
		5655CD4026BCBB7E00C23C68 /* Embed Watch Content */ = {
			isa = PBXCopyFilesBuildPhase;
			buildActionMask = 2147483647;
			dstPath = "$(CONTENTS_FOLDER_PATH)/Watch";
			dstSubfolderSpec = 16;
			files = (
				5655CD0026BCBB7C00C23C68 /* Cribbage Counter WatchKit App.app in Embed Watch Content */,
			);
			name = "Embed Watch Content";
			runOnlyForDeploymentPostprocessing = 0;
		};
/* End PBXCopyFilesBuildPhase section */

/* Begin PBXFileReference section */
		5655CCFB26BCBB7C00C23C68 /* Cribbage Counter.app */ = {isa = PBXFileReference; explicitFileType = wrapper.application; includeInIndex = 0; path = "Cribbage Counter.app"; sourceTree = BUILT_PRODUCTS_DIR; };
		5655CCFF26BCBB7C00C23C68 /* Cribbage Counter WatchKit App.app */ = {isa = PBXFileReference; explicitFileType = wrapper.application; includeInIndex = 0; path = "Cribbage Counter WatchKit App.app"; sourceTree = BUILT_PRODUCTS_DIR; };
		5655CD0426BCBB7D00C23C68 /* Assets.xcassets */ = {isa = PBXFileReference; lastKnownFileType = folder.assetcatalog; path = Assets.xcassets; sourceTree = "<group>"; };
		5655CD0626BCBB7D00C23C68 /* Info.plist */ = {isa = PBXFileReference; lastKnownFileType = text.plist.xml; path = Info.plist; sourceTree = "<group>"; };
		5655CD0B26BCBB7D00C23C68 /* Cribbage Counter WatchKit Extension.appex */ = {isa = PBXFileReference; explicitFileType = "wrapper.app-extension"; includeInIndex = 0; path = "Cribbage Counter WatchKit Extension.appex"; sourceTree = BUILT_PRODUCTS_DIR; };
		5655CD1026BCBB7D00C23C68 /* Cribbage_CounterApp.swift */ = {isa = PBXFileReference; lastKnownFileType = sourcecode.swift; path = Cribbage_CounterApp.swift; sourceTree = "<group>"; };
		5655CD1226BCBB7D00C23C68 /* ContentView.swift */ = {isa = PBXFileReference; lastKnownFileType = sourcecode.swift; path = ContentView.swift; sourceTree = "<group>"; };
		5655CD1426BCBB7D00C23C68 /* NotificationController.swift */ = {isa = PBXFileReference; lastKnownFileType = sourcecode.swift; path = NotificationController.swift; sourceTree = "<group>"; };
		5655CD1626BCBB7D00C23C68 /* NotificationView.swift */ = {isa = PBXFileReference; lastKnownFileType = sourcecode.swift; path = NotificationView.swift; sourceTree = "<group>"; };
		5655CD1826BCBB7D00C23C68 /* ComplicationController.swift */ = {isa = PBXFileReference; lastKnownFileType = sourcecode.swift; path = ComplicationController.swift; sourceTree = "<group>"; };
		5655CD1A26BCBB7E00C23C68 /* Assets.xcassets */ = {isa = PBXFileReference; lastKnownFileType = folder.assetcatalog; path = Assets.xcassets; sourceTree = "<group>"; };
		5655CD1D26BCBB7E00C23C68 /* Preview Assets.xcassets */ = {isa = PBXFileReference; lastKnownFileType = folder.assetcatalog; path = "Preview Assets.xcassets"; sourceTree = "<group>"; };
		5655CD1F26BCBB7E00C23C68 /* Info.plist */ = {isa = PBXFileReference; lastKnownFileType = text.plist.xml; path = Info.plist; sourceTree = "<group>"; };
		5655CD2026BCBB7E00C23C68 /* PushNotificationPayload.apns */ = {isa = PBXFileReference; lastKnownFileType = text; path = PushNotificationPayload.apns; sourceTree = "<group>"; };
		5655CD2526BCBB7E00C23C68 /* Cribbage CounterTests.xctest */ = {isa = PBXFileReference; explicitFileType = wrapper.cfbundle; includeInIndex = 0; path = "Cribbage CounterTests.xctest"; sourceTree = BUILT_PRODUCTS_DIR; };
		5655CD2926BCBB7E00C23C68 /* Cribbage_CounterTests.swift */ = {isa = PBXFileReference; lastKnownFileType = sourcecode.swift; path = Cribbage_CounterTests.swift; sourceTree = "<group>"; };
		5655CD2B26BCBB7E00C23C68 /* Info.plist */ = {isa = PBXFileReference; lastKnownFileType = text.plist.xml; path = Info.plist; sourceTree = "<group>"; };
		5655CD3026BCBB7E00C23C68 /* Cribbage CounterUITests.xctest */ = {isa = PBXFileReference; explicitFileType = wrapper.cfbundle; includeInIndex = 0; path = "Cribbage CounterUITests.xctest"; sourceTree = BUILT_PRODUCTS_DIR; };
		5655CD3426BCBB7E00C23C68 /* Cribbage_CounterUITests.swift */ = {isa = PBXFileReference; lastKnownFileType = sourcecode.swift; path = Cribbage_CounterUITests.swift; sourceTree = "<group>"; };
		5655CD3626BCBB7E00C23C68 /* Info.plist */ = {isa = PBXFileReference; lastKnownFileType = text.plist.xml; path = Info.plist; sourceTree = "<group>"; };
/* End PBXFileReference section */

/* Begin PBXFrameworksBuildPhase section */
		5655CD0826BCBB7D00C23C68 /* Frameworks */ = {
			isa = PBXFrameworksBuildPhase;
			buildActionMask = 2147483647;
			files = (
			);
			runOnlyForDeploymentPostprocessing = 0;
		};
		5655CD2226BCBB7E00C23C68 /* Frameworks */ = {
			isa = PBXFrameworksBuildPhase;
			buildActionMask = 2147483647;
			files = (
			);
			runOnlyForDeploymentPostprocessing = 0;
		};
		5655CD2D26BCBB7E00C23C68 /* Frameworks */ = {
			isa = PBXFrameworksBuildPhase;
			buildActionMask = 2147483647;
			files = (
			);
			runOnlyForDeploymentPostprocessing = 0;
		};
/* End PBXFrameworksBuildPhase section */

/* Begin PBXGroup section */
		5655CCF426BCBB7C00C23C68 = {
			isa = PBXGroup;
			children = (
				5655CD0326BCBB7C00C23C68 /* Cribbage Counter WatchKit App */,
				5655CD0F26BCBB7D00C23C68 /* Cribbage Counter WatchKit Extension */,
				5655CD2826BCBB7E00C23C68 /* Cribbage CounterTests */,
				5655CD3326BCBB7E00C23C68 /* Cribbage CounterUITests */,
				5655CCFC26BCBB7C00C23C68 /* Products */,
			);
			sourceTree = "<group>";
		};
		5655CCFC26BCBB7C00C23C68 /* Products */ = {
			isa = PBXGroup;
			children = (
				5655CCFB26BCBB7C00C23C68 /* Cribbage Counter.app */,
				5655CCFF26BCBB7C00C23C68 /* Cribbage Counter WatchKit App.app */,
				5655CD0B26BCBB7D00C23C68 /* Cribbage Counter WatchKit Extension.appex */,
				5655CD2526BCBB7E00C23C68 /* Cribbage CounterTests.xctest */,
				5655CD3026BCBB7E00C23C68 /* Cribbage CounterUITests.xctest */,
			);
			name = Products;
			sourceTree = "<group>";
		};
		5655CD0326BCBB7C00C23C68 /* Cribbage Counter WatchKit App */ = {
			isa = PBXGroup;
			children = (
				5655CD0426BCBB7D00C23C68 /* Assets.xcassets */,
				5655CD0626BCBB7D00C23C68 /* Info.plist */,
			);
			path = "Cribbage Counter WatchKit App";
			sourceTree = "<group>";
		};
		5655CD0F26BCBB7D00C23C68 /* Cribbage Counter WatchKit Extension */ = {
			isa = PBXGroup;
			children = (
				5655CD1026BCBB7D00C23C68 /* Cribbage_CounterApp.swift */,
				5655CD1226BCBB7D00C23C68 /* ContentView.swift */,
				5655CD1426BCBB7D00C23C68 /* NotificationController.swift */,
				5655CD1626BCBB7D00C23C68 /* NotificationView.swift */,
				5655CD1826BCBB7D00C23C68 /* ComplicationController.swift */,
				5655CD1A26BCBB7E00C23C68 /* Assets.xcassets */,
				5655CD1F26BCBB7E00C23C68 /* Info.plist */,
				5655CD2026BCBB7E00C23C68 /* PushNotificationPayload.apns */,
				5655CD1C26BCBB7E00C23C68 /* Preview Content */,
			);
			path = "Cribbage Counter WatchKit Extension";
			sourceTree = "<group>";
		};
		5655CD1C26BCBB7E00C23C68 /* Preview Content */ = {
			isa = PBXGroup;
			children = (
				5655CD1D26BCBB7E00C23C68 /* Preview Assets.xcassets */,
			);
			path = "Preview Content";
			sourceTree = "<group>";
		};
		5655CD2826BCBB7E00C23C68 /* Cribbage CounterTests */ = {
			isa = PBXGroup;
			children = (
				5655CD2926BCBB7E00C23C68 /* Cribbage_CounterTests.swift */,
				5655CD2B26BCBB7E00C23C68 /* Info.plist */,
			);
			path = "Cribbage CounterTests";
			sourceTree = "<group>";
		};
		5655CD3326BCBB7E00C23C68 /* Cribbage CounterUITests */ = {
			isa = PBXGroup;
			children = (
				5655CD3426BCBB7E00C23C68 /* Cribbage_CounterUITests.swift */,
				5655CD3626BCBB7E00C23C68 /* Info.plist */,
			);
			path = "Cribbage CounterUITests";
			sourceTree = "<group>";
		};
/* End PBXGroup section */

/* Begin PBXNativeTarget section */
		5655CCFA26BCBB7C00C23C68 /* Cribbage Counter */ = {
			isa = PBXNativeTarget;
			buildConfigurationList = 5655CD4126BCBB7E00C23C68 /* Build configuration list for PBXNativeTarget "Cribbage Counter" */;
			buildPhases = (
				5655CCF926BCBB7C00C23C68 /* Resources */,
				5655CD4026BCBB7E00C23C68 /* Embed Watch Content */,
			);
			buildRules = (
			);
			dependencies = (
				5655CD0226BCBB7C00C23C68 /* PBXTargetDependency */,
			);
			name = "Cribbage Counter";
			productName = "Cribbage Counter";
			productReference = 5655CCFB26BCBB7C00C23C68 /* Cribbage Counter.app */;
			productType = "com.apple.product-type.application.watchapp2-container";
		};
		5655CCFE26BCBB7C00C23C68 /* Cribbage Counter WatchKit App */ = {
			isa = PBXNativeTarget;
			buildConfigurationList = 5655CD3D26BCBB7E00C23C68 /* Build configuration list for PBXNativeTarget "Cribbage Counter WatchKit App" */;
			buildPhases = (
				5655CCFD26BCBB7C00C23C68 /* Resources */,
				5655CD3C26BCBB7E00C23C68 /* Embed App Extensions */,
			);
			buildRules = (
			);
			dependencies = (
				5655CD0E26BCBB7D00C23C68 /* PBXTargetDependency */,
			);
			name = "Cribbage Counter WatchKit App";
			productName = "Cribbage Counter WatchKit App";
			productReference = 5655CCFF26BCBB7C00C23C68 /* Cribbage Counter WatchKit App.app */;
			productType = "com.apple.product-type.application.watchapp2";
		};
		5655CD0A26BCBB7D00C23C68 /* Cribbage Counter WatchKit Extension */ = {
			isa = PBXNativeTarget;
			buildConfigurationList = 5655CD3926BCBB7E00C23C68 /* Build configuration list for PBXNativeTarget "Cribbage Counter WatchKit Extension" */;
			buildPhases = (
				5655CD0726BCBB7D00C23C68 /* Sources */,
				5655CD0826BCBB7D00C23C68 /* Frameworks */,
				5655CD0926BCBB7D00C23C68 /* Resources */,
			);
			buildRules = (
			);
			dependencies = (
			);
			name = "Cribbage Counter WatchKit Extension";
			productName = "Cribbage Counter WatchKit Extension";
			productReference = 5655CD0B26BCBB7D00C23C68 /* Cribbage Counter WatchKit Extension.appex */;
			productType = "com.apple.product-type.watchkit2-extension";
		};
		5655CD2426BCBB7E00C23C68 /* Cribbage CounterTests */ = {
			isa = PBXNativeTarget;
			buildConfigurationList = 5655CD4426BCBB7E00C23C68 /* Build configuration list for PBXNativeTarget "Cribbage CounterTests" */;
			buildPhases = (
				5655CD2126BCBB7E00C23C68 /* Sources */,
				5655CD2226BCBB7E00C23C68 /* Frameworks */,
				5655CD2326BCBB7E00C23C68 /* Resources */,
			);
			buildRules = (
			);
			dependencies = (
				5655CD2726BCBB7E00C23C68 /* PBXTargetDependency */,
			);
			name = "Cribbage CounterTests";
			productName = "Cribbage CounterTests";
			productReference = 5655CD2526BCBB7E00C23C68 /* Cribbage CounterTests.xctest */;
			productType = "com.apple.product-type.bundle.unit-test";
		};
		5655CD2F26BCBB7E00C23C68 /* Cribbage CounterUITests */ = {
			isa = PBXNativeTarget;
			buildConfigurationList = 5655CD4726BCBB7E00C23C68 /* Build configuration list for PBXNativeTarget "Cribbage CounterUITests" */;
			buildPhases = (
				5655CD2C26BCBB7E00C23C68 /* Sources */,
				5655CD2D26BCBB7E00C23C68 /* Frameworks */,
				5655CD2E26BCBB7E00C23C68 /* Resources */,
			);
			buildRules = (
			);
			dependencies = (
				5655CD3226BCBB7E00C23C68 /* PBXTargetDependency */,
			);
			name = "Cribbage CounterUITests";
			productName = "Cribbage CounterUITests";
			productReference = 5655CD3026BCBB7E00C23C68 /* Cribbage CounterUITests.xctest */;
			productType = "com.apple.product-type.bundle.ui-testing";
		};
/* End PBXNativeTarget section */

/* Begin PBXProject section */
		5655CCF526BCBB7C00C23C68 /* Project object */ = {
			isa = PBXProject;
			attributes = {
				LastSwiftUpdateCheck = 1250;
				LastUpgradeCheck = 1250;
				TargetAttributes = {
					5655CCFA26BCBB7C00C23C68 = {
						CreatedOnToolsVersion = 12.5.1;
					};
					5655CCFE26BCBB7C00C23C68 = {
						CreatedOnToolsVersion = 12.5.1;
					};
					5655CD0A26BCBB7D00C23C68 = {
						CreatedOnToolsVersion = 12.5.1;
					};
					5655CD2426BCBB7E00C23C68 = {
						CreatedOnToolsVersion = 12.5.1;
						TestTargetID = 5655CD0A26BCBB7D00C23C68;
					};
					5655CD2F26BCBB7E00C23C68 = {
						CreatedOnToolsVersion = 12.5.1;
						TestTargetID = 5655CCFE26BCBB7C00C23C68;
					};
				};
			};
			buildConfigurationList = 5655CCF826BCBB7C00C23C68 /* Build configuration list for PBXProject "Cribbage Counter" */;
			compatibilityVersion = "Xcode 9.3";
			developmentRegion = en;
			hasScannedForEncodings = 0;
			knownRegions = (
				en,
				Base,
			);
			mainGroup = 5655CCF426BCBB7C00C23C68;
			productRefGroup = 5655CCFC26BCBB7C00C23C68 /* Products */;
			projectDirPath = "";
			projectRoot = "";
			targets = (
				5655CCFA26BCBB7C00C23C68 /* Cribbage Counter */,
				5655CCFE26BCBB7C00C23C68 /* Cribbage Counter WatchKit App */,
				5655CD0A26BCBB7D00C23C68 /* Cribbage Counter WatchKit Extension */,
				5655CD2426BCBB7E00C23C68 /* Cribbage CounterTests */,
				5655CD2F26BCBB7E00C23C68 /* Cribbage CounterUITests */,
			);
		};
/* End PBXProject section */

/* Begin PBXResourcesBuildPhase section */
		5655CCF926BCBB7C00C23C68 /* Resources */ = {
			isa = PBXResourcesBuildPhase;
			buildActionMask = 2147483647;
			files = (
			);
			runOnlyForDeploymentPostprocessing = 0;
		};
		5655CCFD26BCBB7C00C23C68 /* Resources */ = {
			isa = PBXResourcesBuildPhase;
			buildActionMask = 2147483647;
			files = (
				5655CD0526BCBB7D00C23C68 /* Assets.xcassets in Resources */,
			);
			runOnlyForDeploymentPostprocessing = 0;
		};
		5655CD0926BCBB7D00C23C68 /* Resources */ = {
			isa = PBXResourcesBuildPhase;
			buildActionMask = 2147483647;
			files = (
				5655CD1E26BCBB7E00C23C68 /* Preview Assets.xcassets in Resources */,
				5655CD1B26BCBB7E00C23C68 /* Assets.xcassets in Resources */,
			);
			runOnlyForDeploymentPostprocessing = 0;
		};
		5655CD2326BCBB7E00C23C68 /* Resources */ = {
			isa = PBXResourcesBuildPhase;
			buildActionMask = 2147483647;
			files = (
			);
			runOnlyForDeploymentPostprocessing = 0;
		};
		5655CD2E26BCBB7E00C23C68 /* Resources */ = {
			isa = PBXResourcesBuildPhase;
			buildActionMask = 2147483647;
			files = (
			);
			runOnlyForDeploymentPostprocessing = 0;
		};
/* End PBXResourcesBuildPhase section */

/* Begin PBXSourcesBuildPhase section */
		5655CD0726BCBB7D00C23C68 /* Sources */ = {
			isa = PBXSourcesBuildPhase;
			buildActionMask = 2147483647;
			files = (
				5655CD1526BCBB7D00C23C68 /* NotificationController.swift in Sources */,
				5655CD1326BCBB7D00C23C68 /* ContentView.swift in Sources */,
				5655CD1926BCBB7D00C23C68 /* ComplicationController.swift in Sources */,
				5655CD1126BCBB7D00C23C68 /* Cribbage_CounterApp.swift in Sources */,
				5655CD1726BCBB7D00C23C68 /* NotificationView.swift in Sources */,
			);
			runOnlyForDeploymentPostprocessing = 0;
		};
		5655CD2126BCBB7E00C23C68 /* Sources */ = {
			isa = PBXSourcesBuildPhase;
			buildActionMask = 2147483647;
			files = (
				5655CD2A26BCBB7E00C23C68 /* Cribbage_CounterTests.swift in Sources */,
			);
			runOnlyForDeploymentPostprocessing = 0;
		};
		5655CD2C26BCBB7E00C23C68 /* Sources */ = {
			isa = PBXSourcesBuildPhase;
			buildActionMask = 2147483647;
			files = (
				5655CD3526BCBB7E00C23C68 /* Cribbage_CounterUITests.swift in Sources */,
			);
			runOnlyForDeploymentPostprocessing = 0;
		};
/* End PBXSourcesBuildPhase section */

/* Begin PBXTargetDependency section */
		5655CD0226BCBB7C00C23C68 /* PBXTargetDependency */ = {
			isa = PBXTargetDependency;
			target = 5655CCFE26BCBB7C00C23C68 /* Cribbage Counter WatchKit App */;
			targetProxy = 5655CD0126BCBB7C00C23C68 /* PBXContainerItemProxy */;
		};
		5655CD0E26BCBB7D00C23C68 /* PBXTargetDependency */ = {
			isa = PBXTargetDependency;
			target = 5655CD0A26BCBB7D00C23C68 /* Cribbage Counter WatchKit Extension */;
			targetProxy = 5655CD0D26BCBB7D00C23C68 /* PBXContainerItemProxy */;
		};
		5655CD2726BCBB7E00C23C68 /* PBXTargetDependency */ = {
			isa = PBXTargetDependency;
			target = 5655CD0A26BCBB7D00C23C68 /* Cribbage Counter WatchKit Extension */;
			targetProxy = 5655CD2626BCBB7E00C23C68 /* PBXContainerItemProxy */;
		};
		5655CD3226BCBB7E00C23C68 /* PBXTargetDependency */ = {
			isa = PBXTargetDependency;
			target = 5655CCFE26BCBB7C00C23C68 /* Cribbage Counter WatchKit App */;
			targetProxy = 5655CD3126BCBB7E00C23C68 /* PBXContainerItemProxy */;
		};
/* End PBXTargetDependency section */

/* Begin XCBuildConfiguration section */
		5655CD3726BCBB7E00C23C68 /* Debug */ = {
			isa = XCBuildConfiguration;
			buildSettings = {
				ALWAYS_SEARCH_USER_PATHS = NO;
				CLANG_ANALYZER_NONNULL = YES;
				CLANG_ANALYZER_NUMBER_OBJECT_CONVERSION = YES_AGGRESSIVE;
				CLANG_CXX_LANGUAGE_STANDARD = "gnu++14";
				CLANG_CXX_LIBRARY = "libc++";
				CLANG_ENABLE_MODULES = YES;
				CLANG_ENABLE_OBJC_ARC = YES;
				CLANG_ENABLE_OBJC_WEAK = YES;
				CLANG_WARN_BLOCK_CAPTURE_AUTORELEASING = YES;
				CLANG_WARN_BOOL_CONVERSION = YES;
				CLANG_WARN_COMMA = YES;
				CLANG_WARN_CONSTANT_CONVERSION = YES;
				CLANG_WARN_DEPRECATED_OBJC_IMPLEMENTATIONS = YES;
				CLANG_WARN_DIRECT_OBJC_ISA_USAGE = YES_ERROR;
				CLANG_WARN_DOCUMENTATION_COMMENTS = YES;
				CLANG_WARN_EMPTY_BODY = YES;
				CLANG_WARN_ENUM_CONVERSION = YES;
				CLANG_WARN_INFINITE_RECURSION = YES;
				CLANG_WARN_INT_CONVERSION = YES;
				CLANG_WARN_NON_LITERAL_NULL_CONVERSION = YES;
				CLANG_WARN_OBJC_IMPLICIT_RETAIN_SELF = YES;
				CLANG_WARN_OBJC_LITERAL_CONVERSION = YES;
				CLANG_WARN_OBJC_ROOT_CLASS = YES_ERROR;
				CLANG_WARN_QUOTED_INCLUDE_IN_FRAMEWORK_HEADER = YES;
				CLANG_WARN_RANGE_LOOP_ANALYSIS = YES;
				CLANG_WARN_STRICT_PROTOTYPES = YES;
				CLANG_WARN_SUSPICIOUS_MOVE = YES;
				CLANG_WARN_UNGUARDED_AVAILABILITY = YES_AGGRESSIVE;
				CLANG_WARN_UNREACHABLE_CODE = YES;
				CLANG_WARN__DUPLICATE_METHOD_MATCH = YES;
				COPY_PHASE_STRIP = NO;
				DEBUG_INFORMATION_FORMAT = dwarf;
				ENABLE_STRICT_OBJC_MSGSEND = YES;
				ENABLE_TESTABILITY = YES;
				GCC_C_LANGUAGE_STANDARD = gnu11;
				GCC_DYNAMIC_NO_PIC = NO;
				GCC_NO_COMMON_BLOCKS = YES;
				GCC_OPTIMIZATION_LEVEL = 0;
				GCC_PREPROCESSOR_DEFINITIONS = (
					"DEBUG=1",
					"$(inherited)",
				);
				GCC_WARN_64_TO_32_BIT_CONVERSION = YES;
				GCC_WARN_ABOUT_RETURN_TYPE = YES_ERROR;
				GCC_WARN_UNDECLARED_SELECTOR = YES;
				GCC_WARN_UNINITIALIZED_AUTOS = YES_AGGRESSIVE;
				GCC_WARN_UNUSED_FUNCTION = YES;
				GCC_WARN_UNUSED_VARIABLE = YES;
				MTL_ENABLE_DEBUG_INFO = INCLUDE_SOURCE;
				MTL_FAST_MATH = YES;
				ONLY_ACTIVE_ARCH = YES;
				SDKROOT = iphoneos;
				SWIFT_ACTIVE_COMPILATION_CONDITIONS = DEBUG;
				SWIFT_OPTIMIZATION_LEVEL = "-Onone";
			};
			name = Debug;
		};
		5655CD3826BCBB7E00C23C68 /* Release */ = {
			isa = XCBuildConfiguration;
			buildSettings = {
				ALWAYS_SEARCH_USER_PATHS = NO;
				CLANG_ANALYZER_NONNULL = YES;
				CLANG_ANALYZER_NUMBER_OBJECT_CONVERSION = YES_AGGRESSIVE;
				CLANG_CXX_LANGUAGE_STANDARD = "gnu++14";
				CLANG_CXX_LIBRARY = "libc++";
				CLANG_ENABLE_MODULES = YES;
				CLANG_ENABLE_OBJC_ARC = YES;
				CLANG_ENABLE_OBJC_WEAK = YES;
				CLANG_WARN_BLOCK_CAPTURE_AUTORELEASING = YES;
				CLANG_WARN_BOOL_CONVERSION = YES;
				CLANG_WARN_COMMA = YES;
				CLANG_WARN_CONSTANT_CONVERSION = YES;
				CLANG_WARN_DEPRECATED_OBJC_IMPLEMENTATIONS = YES;
				CLANG_WARN_DIRECT_OBJC_ISA_USAGE = YES_ERROR;
				CLANG_WARN_DOCUMENTATION_COMMENTS = YES;
				CLANG_WARN_EMPTY_BODY = YES;
				CLANG_WARN_ENUM_CONVERSION = YES;
				CLANG_WARN_INFINITE_RECURSION = YES;
				CLANG_WARN_INT_CONVERSION = YES;
				CLANG_WARN_NON_LITERAL_NULL_CONVERSION = YES;
				CLANG_WARN_OBJC_IMPLICIT_RETAIN_SELF = YES;
				CLANG_WARN_OBJC_LITERAL_CONVERSION = YES;
				CLANG_WARN_OBJC_ROOT_CLASS = YES_ERROR;
				CLANG_WARN_QUOTED_INCLUDE_IN_FRAMEWORK_HEADER = YES;
				CLANG_WARN_RANGE_LOOP_ANALYSIS = YES;
				CLANG_WARN_STRICT_PROTOTYPES = YES;
				CLANG_WARN_SUSPICIOUS_MOVE = YES;
				CLANG_WARN_UNGUARDED_AVAILABILITY = YES_AGGRESSIVE;
				CLANG_WARN_UNREACHABLE_CODE = YES;
				CLANG_WARN__DUPLICATE_METHOD_MATCH = YES;
				COPY_PHASE_STRIP = NO;
				DEBUG_INFORMATION_FORMAT = "dwarf-with-dsym";
				ENABLE_NS_ASSERTIONS = NO;
				ENABLE_STRICT_OBJC_MSGSEND = YES;
				GCC_C_LANGUAGE_STANDARD = gnu11;
				GCC_NO_COMMON_BLOCKS = YES;
				GCC_WARN_64_TO_32_BIT_CONVERSION = YES;
				GCC_WARN_ABOUT_RETURN_TYPE = YES_ERROR;
				GCC_WARN_UNDECLARED_SELECTOR = YES;
				GCC_WARN_UNINITIALIZED_AUTOS = YES_AGGRESSIVE;
				GCC_WARN_UNUSED_FUNCTION = YES;
				GCC_WARN_UNUSED_VARIABLE = YES;
				MTL_ENABLE_DEBUG_INFO = NO;
				MTL_FAST_MATH = YES;
				SDKROOT = iphoneos;
				SWIFT_COMPILATION_MODE = wholemodule;
				SWIFT_OPTIMIZATION_LEVEL = "-O";
				VALIDATE_PRODUCT = YES;
			};
			name = Release;
		};
		5655CD3A26BCBB7E00C23C68 /* Debug */ = {
			isa = XCBuildConfiguration;
			buildSettings = {
				ASSETCATALOG_COMPILER_COMPLICATION_NAME = Complication;
				CODE_SIGN_STYLE = Automatic;
				DEVELOPMENT_ASSET_PATHS = "\"Cribbage Counter WatchKit Extension/Preview Content\"";
				DEVELOPMENT_TEAM = P4PNCTT7XM;
				ENABLE_PREVIEWS = YES;
				INFOPLIST_FILE = "Cribbage Counter WatchKit Extension/Info.plist";
				LD_RUNPATH_SEARCH_PATHS = (
					"$(inherited)",
					"@executable_path/Frameworks",
					"@executable_path/../../Frameworks",
				);
				PRODUCT_BUNDLE_IDENTIFIER = "Husayn-Esmail.Cribbage-Counter.watchkitapp.watchkitextension";
				PRODUCT_NAME = "${TARGET_NAME}";
				SDKROOT = watchos;
				SKIP_INSTALL = YES;
				SWIFT_VERSION = 5.0;
				TARGETED_DEVICE_FAMILY = 4;
				WATCHOS_DEPLOYMENT_TARGET = 7.4;
			};
			name = Debug;
		};
		5655CD3B26BCBB7E00C23C68 /* Release */ = {
			isa = XCBuildConfiguration;
			buildSettings = {
				ASSETCATALOG_COMPILER_COMPLICATION_NAME = Complication;
				CODE_SIGN_STYLE = Automatic;
				DEVELOPMENT_ASSET_PATHS = "\"Cribbage Counter WatchKit Extension/Preview Content\"";
				DEVELOPMENT_TEAM = P4PNCTT7XM;
				ENABLE_PREVIEWS = YES;
				INFOPLIST_FILE = "Cribbage Counter WatchKit Extension/Info.plist";
				LD_RUNPATH_SEARCH_PATHS = (
					"$(inherited)",
					"@executable_path/Frameworks",
					"@executable_path/../../Frameworks",
				);
				PRODUCT_BUNDLE_IDENTIFIER = "Husayn-Esmail.Cribbage-Counter.watchkitapp.watchkitextension";
				PRODUCT_NAME = "${TARGET_NAME}";
				SDKROOT = watchos;
				SKIP_INSTALL = YES;
				SWIFT_VERSION = 5.0;
				TARGETED_DEVICE_FAMILY = 4;
				WATCHOS_DEPLOYMENT_TARGET = 7.4;
			};
			name = Release;
		};
		5655CD3E26BCBB7E00C23C68 /* Debug */ = {
			isa = XCBuildConfiguration;
			buildSettings = {
				ALWAYS_EMBED_SWIFT_STANDARD_LIBRARIES = YES;
				ASSETCATALOG_COMPILER_APPICON_NAME = AppIcon;
				ASSETCATALOG_COMPILER_GLOBAL_ACCENT_COLOR_NAME = AccentColor;
				CODE_SIGN_STYLE = Automatic;
				DEVELOPMENT_TEAM = P4PNCTT7XM;
				IBSC_MODULE = Cribbage_Counter_WatchKit_Extension;
				INFOPLIST_FILE = "Cribbage Counter WatchKit App/Info.plist";
				PRODUCT_BUNDLE_IDENTIFIER = "Husayn-Esmail.Cribbage-Counter.watchkitapp";
				PRODUCT_NAME = "$(TARGET_NAME)";
				SDKROOT = watchos;
				SKIP_INSTALL = YES;
				SWIFT_VERSION = 5.0;
				TARGETED_DEVICE_FAMILY = 4;
				WATCHOS_DEPLOYMENT_TARGET = 7.4;
			};
			name = Debug;
		};
		5655CD3F26BCBB7E00C23C68 /* Release */ = {
			isa = XCBuildConfiguration;
			buildSettings = {
				ALWAYS_EMBED_SWIFT_STANDARD_LIBRARIES = YES;
				ASSETCATALOG_COMPILER_APPICON_NAME = AppIcon;
				ASSETCATALOG_COMPILER_GLOBAL_ACCENT_COLOR_NAME = AccentColor;
				CODE_SIGN_STYLE = Automatic;
				DEVELOPMENT_TEAM = P4PNCTT7XM;
				IBSC_MODULE = Cribbage_Counter_WatchKit_Extension;
				INFOPLIST_FILE = "Cribbage Counter WatchKit App/Info.plist";
				PRODUCT_BUNDLE_IDENTIFIER = "Husayn-Esmail.Cribbage-Counter.watchkitapp";
				PRODUCT_NAME = "$(TARGET_NAME)";
				SDKROOT = watchos;
				SKIP_INSTALL = YES;
				SWIFT_VERSION = 5.0;
				TARGETED_DEVICE_FAMILY = 4;
				WATCHOS_DEPLOYMENT_TARGET = 7.4;
			};
			name = Release;
		};
		5655CD4226BCBB7E00C23C68 /* Debug */ = {
			isa = XCBuildConfiguration;
			buildSettings = {
				CODE_SIGN_STYLE = Automatic;
				CURRENT_PROJECT_VERSION = 1;
				DEVELOPMENT_TEAM = P4PNCTT7XM;
				MARKETING_VERSION = 1.0;
				PRODUCT_BUNDLE_IDENTIFIER = "Husayn-Esmail.Cribbage-Counter";
				PRODUCT_NAME = "$(TARGET_NAME)";
				SWIFT_VERSION = 5.0;
			};
			name = Debug;
		};
		5655CD4326BCBB7E00C23C68 /* Release */ = {
			isa = XCBuildConfiguration;
			buildSettings = {
				CODE_SIGN_STYLE = Automatic;
				CURRENT_PROJECT_VERSION = 1;
				DEVELOPMENT_TEAM = P4PNCTT7XM;
				MARKETING_VERSION = 1.0;
				PRODUCT_BUNDLE_IDENTIFIER = "Husayn-Esmail.Cribbage-Counter";
				PRODUCT_NAME = "$(TARGET_NAME)";
				SWIFT_VERSION = 5.0;
			};
			name = Release;
		};
		5655CD4526BCBB7E00C23C68 /* Debug */ = {
			isa = XCBuildConfiguration;
			buildSettings = {
				ALWAYS_EMBED_SWIFT_STANDARD_LIBRARIES = YES;
				BUNDLE_LOADER = "$(TEST_HOST)";
				CODE_SIGN_STYLE = Automatic;
				DEVELOPMENT_TEAM = P4PNCTT7XM;
				INFOPLIST_FILE = "Cribbage CounterTests/Info.plist";
				LD_RUNPATH_SEARCH_PATHS = (
					"$(inherited)",
					"@executable_path/Frameworks",
					"@loader_path/Frameworks",
				);
				PRODUCT_BUNDLE_IDENTIFIER = "Husayn-Esmail.Cribbage-CounterTests";
				PRODUCT_NAME = "$(TARGET_NAME)";
				SDKROOT = watchos;
				SWIFT_VERSION = 5.0;
				TARGETED_DEVICE_FAMILY = 4;
				TEST_HOST = "$(BUILT_PRODUCTS_DIR)/Cribbage Counter WatchKit Extension.appex/Cribbage Counter WatchKit Extension";
				WATCHOS_DEPLOYMENT_TARGET = 7.4;
			};
			name = Debug;
		};
		5655CD4626BCBB7E00C23C68 /* Release */ = {
			isa = XCBuildConfiguration;
			buildSettings = {
				ALWAYS_EMBED_SWIFT_STANDARD_LIBRARIES = YES;
				BUNDLE_LOADER = "$(TEST_HOST)";
				CODE_SIGN_STYLE = Automatic;
				DEVELOPMENT_TEAM = P4PNCTT7XM;
				INFOPLIST_FILE = "Cribbage CounterTests/Info.plist";
				LD_RUNPATH_SEARCH_PATHS = (
					"$(inherited)",
					"@executable_path/Frameworks",
					"@loader_path/Frameworks",
				);
				PRODUCT_BUNDLE_IDENTIFIER = "Husayn-Esmail.Cribbage-CounterTests";
				PRODUCT_NAME = "$(TARGET_NAME)";
				SDKROOT = watchos;
				SWIFT_VERSION = 5.0;
				TARGETED_DEVICE_FAMILY = 4;
				TEST_HOST = "$(BUILT_PRODUCTS_DIR)/Cribbage Counter WatchKit Extension.appex/Cribbage Counter WatchKit Extension";
				WATCHOS_DEPLOYMENT_TARGET = 7.4;
			};
			name = Release;
		};
		5655CD4826BCBB7E00C23C68 /* Debug */ = {
			isa = XCBuildConfiguration;
			buildSettings = {
				CODE_SIGN_STYLE = Automatic;
				DEVELOPMENT_TEAM = P4PNCTT7XM;
				INFOPLIST_FILE = "Cribbage CounterUITests/Info.plist";
				LD_RUNPATH_SEARCH_PATHS = (
					"$(inherited)",
					"@executable_path/Frameworks",
					"@loader_path/Frameworks",
				);
				PRODUCT_BUNDLE_IDENTIFIER = "Husayn-Esmail.Cribbage-CounterUITests";
				PRODUCT_NAME = "$(TARGET_NAME)";
				SDKROOT = watchos;
				SWIFT_VERSION = 5.0;
				TARGETED_DEVICE_FAMILY = 4;
				TEST_TARGET_NAME = "Cribbage Counter WatchKit App";
				WATCHOS_DEPLOYMENT_TARGET = 7.4;
			};
			name = Debug;
		};
		5655CD4926BCBB7E00C23C68 /* Release */ = {
			isa = XCBuildConfiguration;
			buildSettings = {
				CODE_SIGN_STYLE = Automatic;
				DEVELOPMENT_TEAM = P4PNCTT7XM;
				INFOPLIST_FILE = "Cribbage CounterUITests/Info.plist";
				LD_RUNPATH_SEARCH_PATHS = (
					"$(inherited)",
					"@executable_path/Frameworks",
					"@loader_path/Frameworks",
				);
				PRODUCT_BUNDLE_IDENTIFIER = "Husayn-Esmail.Cribbage-CounterUITests";
				PRODUCT_NAME = "$(TARGET_NAME)";
				SDKROOT = watchos;
				SWIFT_VERSION = 5.0;
				TARGETED_DEVICE_FAMILY = 4;
				TEST_TARGET_NAME = "Cribbage Counter WatchKit App";
				WATCHOS_DEPLOYMENT_TARGET = 7.4;
			};
			name = Release;
		};
/* End XCBuildConfiguration section */

/* Begin XCConfigurationList section */
		5655CCF826BCBB7C00C23C68 /* Build configuration list for PBXProject "Cribbage Counter" */ = {
			isa = XCConfigurationList;
			buildConfigurations = (
				5655CD3726BCBB7E00C23C68 /* Debug */,
				5655CD3826BCBB7E00C23C68 /* Release */,
			);
			defaultConfigurationIsVisible = 0;
			defaultConfigurationName = Release;
		};
		5655CD3926BCBB7E00C23C68 /* Build configuration list for PBXNativeTarget "Cribbage Counter WatchKit Extension" */ = {
			isa = XCConfigurationList;
			buildConfigurations = (
				5655CD3A26BCBB7E00C23C68 /* Debug */,
				5655CD3B26BCBB7E00C23C68 /* Release */,
			);
			defaultConfigurationIsVisible = 0;
			defaultConfigurationName = Release;
		};
		5655CD3D26BCBB7E00C23C68 /* Build configuration list for PBXNativeTarget "Cribbage Counter WatchKit App" */ = {
			isa = XCConfigurationList;
			buildConfigurations = (
				5655CD3E26BCBB7E00C23C68 /* Debug */,
				5655CD3F26BCBB7E00C23C68 /* Release */,
			);
			defaultConfigurationIsVisible = 0;
			defaultConfigurationName = Release;
		};
		5655CD4126BCBB7E00C23C68 /* Build configuration list for PBXNativeTarget "Cribbage Counter" */ = {
			isa = XCConfigurationList;
			buildConfigurations = (
				5655CD4226BCBB7E00C23C68 /* Debug */,
				5655CD4326BCBB7E00C23C68 /* Release */,
			);
			defaultConfigurationIsVisible = 0;
			defaultConfigurationName = Release;
		};
		5655CD4426BCBB7E00C23C68 /* Build configuration list for PBXNativeTarget "Cribbage CounterTests" */ = {
			isa = XCConfigurationList;
			buildConfigurations = (
				5655CD4526BCBB7E00C23C68 /* Debug */,
				5655CD4626BCBB7E00C23C68 /* Release */,
			);
			defaultConfigurationIsVisible = 0;
			defaultConfigurationName = Release;
		};
		5655CD4726BCBB7E00C23C68 /* Build configuration list for PBXNativeTarget "Cribbage CounterUITests" */ = {
			isa = XCConfigurationList;
			buildConfigurations = (
				5655CD4826BCBB7E00C23C68 /* Debug */,
				5655CD4926BCBB7E00C23C68 /* Release */,
			);
			defaultConfigurationIsVisible = 0;
			defaultConfigurationName = Release;
		};
/* End XCConfigurationList section */
	};
	rootObject = 5655CCF526BCBB7C00C23C68 /* Project object */;
}
